
Microsoft Visual Studio Solution File, Format Version 12.00
# Visual Studio Version 17
VisualStudioVersion = 17.5.33627.172
MinimumVisualStudioVersion = 10.0.40219.1
Project("{FAE04EC0-301F-11D3-BF4B-00C04F79EFBC}") = "AppTrio", "AppTrio\AppTrio.csproj", "{BADDAA72-CEDE-4B24-A481-DA95D6332797}"
EndProject
Global
	GlobalSection(SolutionConfigurationPlatforms) = preSolution
		Debug|Any CPU = Debug|Any CPU
		Release|Any CPU = Release|Any CPU
	EndGlobalSection
	GlobalSection(ProjectConfigurationPlatforms) = postSolution
		{BADDAA72-CEDE-4B24-A481-DA95D6332797}.Debug|Any CPU.ActiveCfg = Debug|Any CPU
		{BADDAA72-CEDE-4B24-A481-DA95D6332797}.Debug|Any CPU.Build.0 = Debug|Any CPU
		{BADDAA72-CEDE-4B24-A481-DA95D6332797}.Release|Any CPU.ActiveCfg = Release|Any CPU
		{BADDAA72-CEDE-4B24-A481-DA95D6332797}.Release|Any CPU.Build.0 = Release|Any CPU
	EndGlobalSection
	GlobalSection(SolutionProperties) = preSolution
		HideSolutionNode = FALSE
	EndGlobalSection
	GlobalSection(ExtensibilityGlobals) = postSolution
		SolutionGuid = {E6879A2B-FBAD-4A1C-AB7C-4C0F1B9A77CA}
	EndGlobalSection
EndGlobal
